
Microsoft Visual Studio Solution File, Format Version 12.00
# Visual Studio Version 17
VisualStudioVersion = 17.9.34607.119
MinimumVisualStudioVersion = 10.0.40219.1
Project("{FAE04EC0-301F-11D3-BF4B-00C04F79EFBC}") = "CodedByKay.BondBridge.Models", "CodedByKay.BondBridge.Models\CodedByKay.BondBridge.Models.csproj", "{F42F2F85-DBE7-4D1F-AC01-57DE0E529F0E}"
EndProject
Global
	GlobalSection(SolutionConfigurationPlatforms) = preSolution
		Debug|Any CPU = Debug|Any CPU
		Release|Any CPU = Release|Any CPU
	EndGlobalSection
	GlobalSection(ProjectConfigurationPlatforms) = postSolution
		{F42F2F85-DBE7-4D1F-AC01-57DE0E529F0E}.Debug|Any CPU.ActiveCfg = Debug|Any CPU
		{F42F2F85-DBE7-4D1F-AC01-57DE0E529F0E}.Debug|Any CPU.Build.0 = Debug|Any CPU
		{F42F2F85-DBE7-4D1F-AC01-57DE0E529F0E}.Release|Any CPU.ActiveCfg = Release|Any CPU
		{F42F2F85-DBE7-4D1F-AC01-57DE0E529F0E}.Release|Any CPU.Build.0 = Release|Any CPU
	EndGlobalSection
	GlobalSection(SolutionProperties) = preSolution
		HideSolutionNode = FALSE
	EndGlobalSection
	GlobalSection(ExtensibilityGlobals) = postSolution
		SolutionGuid = {7A73AE96-F16A-441E-8A5B-2F4B99D7826E}
	EndGlobalSection
EndGlobal
